
Microsoft Visual Studio Solution File, Format Version 12.00
# Visual Studio 2013
VisualStudioVersion = 12.0.30501.0
MinimumVisualStudioVersion = 10.0.40219.1
Project("{8BC9CEB8-8B4A-11D0-8D11-00A0C91BC942}") = "初识转义字符", "初识转义字符\初识转义字符.vcxproj", "{3A9AA4B9-7EA3-4DAC-82D6-EAADCBC42B91}"
EndProject
Global
	GlobalSection(SolutionConfigurationPlatforms) = preSolution
		Debug|Win32 = Debug|Win32
		Release|Win32 = Release|Win32
	EndGlobalSection
	GlobalSection(ProjectConfigurationPlatforms) = postSolution
		{3A9AA4B9-7EA3-4DAC-82D6-EAADCBC42B91}.Debug|Win32.ActiveCfg = Debug|Win32
		{3A9AA4B9-7EA3-4DAC-82D6-EAADCBC42B91}.Debug|Win32.Build.0 = Debug|Win32
		{3A9AA4B9-7EA3-4DAC-82D6-EAADCBC42B91}.Release|Win32.ActiveCfg = Release|Win32
		{3A9AA4B9-7EA3-4DAC-82D6-EAADCBC42B91}.Release|Win32.Build.0 = Release|Win32
	EndGlobalSection
	GlobalSection(SolutionProperties) = preSolution
		HideSolutionNode = FALSE
	EndGlobalSection
EndGlobal
